// !$*UTF8*$!
{
	archiveVersion = 1;
	classes = {
	};
	objectVersion = 55;
	objects = {

/* Begin PBXBuildFile section */
		EE15DDDA289B222F00F83FB2 /* GoogleService-Info.plist in Resources */ = {isa = PBXBuildFile; fileRef = EE15DDD9289B222F00F83FB2 /* GoogleService-Info.plist */; };
		EE15DDDD289B275100F83FB2 /* FirebaseAuth in Frameworks */ = {isa = PBXBuildFile; productRef = EE15DDDC289B275100F83FB2 /* FirebaseAuth */; };
		EE15DDE0289B352400F83FB2 /* FirebaseAuth in Frameworks */ = {isa = PBXBuildFile; productRef = EE15DDDF289B352400F83FB2 /* FirebaseAuth */; };
		EE15DDE3289B366700F83FB2 /* FirebaseFirestore in Frameworks */ = {isa = PBXBuildFile; productRef = EE15DDE2289B366700F83FB2 /* FirebaseFirestore */; };
		EE15DDE5289B366700F83FB2 /* FirebaseFirestoreSwift in Frameworks */ = {isa = PBXBuildFile; productRef = EE15DDE4289B366700F83FB2 /* FirebaseFirestoreSwift */; };
		EE15DDE8289B37E300F83FB2 /* GoogleSignIn in Frameworks */ = {isa = PBXBuildFile; productRef = EE15DDE7289B37E300F83FB2 /* GoogleSignIn */; };
		EE15DDEA289B37E300F83FB2 /* GoogleSignInSwift in Frameworks */ = {isa = PBXBuildFile; productRef = EE15DDE9289B37E300F83FB2 /* GoogleSignInSwift */; };
		EE55F8B428A2C76600661A74 /* SideMenuTableViewCell.xib in Resources */ = {isa = PBXBuildFile; fileRef = EE55F8B328A2C76600661A74 /* SideMenuTableViewCell.xib */; };
		EE5829FB289EDCA30073FDB7 /* SideMenuOptions.swift in Sources */ = {isa = PBXBuildFile; fileRef = EE5829FA289EDCA30073FDB7 /* SideMenuOptions.swift */; };
		EE5829FD289EDE220073FDB7 /* SideHomeMenuViewController.swift in Sources */ = {isa = PBXBuildFile; fileRef = EE5829FC289EDE220073FDB7 /* SideHomeMenuViewController.swift */; };
		EE7DDB7728A21941002E239A /* SideMenuTableViewCell.swift in Sources */ = {isa = PBXBuildFile; fileRef = EE7DDB7628A21941002E239A /* SideMenuTableViewCell.swift */; };
		EEE4B2DE289B601500650185 /* AddTrakingNumberViewController.swift in Sources */ = {isa = PBXBuildFile; fileRef = EEE4B2DD289B601500650185 /* AddTrakingNumberViewController.swift */; };
		EEE4B2E0289B60E200650185 /* BarcodeScannerViewContoller.swift in Sources */ = {isa = PBXBuildFile; fileRef = EEE4B2DF289B60E200650185 /* BarcodeScannerViewContoller.swift */; };
		EEE4B2E2289B611E00650185 /* StringValues.swift in Sources */ = {isa = PBXBuildFile; fileRef = EEE4B2E1289B611E00650185 /* StringValues.swift */; };
		EEE4B2E5289B614D00650185 /* AppUtility.swift in Sources */ = {isa = PBXBuildFile; fileRef = EEE4B2E4289B614D00650185 /* AppUtility.swift */; };
		EEE4B2E8289B85FD00650185 /* Extension UIView.swift in Sources */ = {isa = PBXBuildFile; fileRef = EEE4B2E7289B85FD00650185 /* Extension UIView.swift */; };
		EEE4B2EA289B86E300650185 /* Extension UIViewController.swift in Sources */ = {isa = PBXBuildFile; fileRef = EEE4B2E9289B86E300650185 /* Extension UIViewController.swift */; };
		EEFC57212898B37500EF13F4 /* AppDelegate.swift in Sources */ = {isa = PBXBuildFile; fileRef = EEFC57202898B37500EF13F4 /* AppDelegate.swift */; };
		EEFC57232898B37500EF13F4 /* SceneDelegate.swift in Sources */ = {isa = PBXBuildFile; fileRef = EEFC57222898B37500EF13F4 /* SceneDelegate.swift */; };
		EEFC57252898B37500EF13F4 /* HomeViewController.swift in Sources */ = {isa = PBXBuildFile; fileRef = EEFC57242898B37500EF13F4 /* HomeViewController.swift */; };
		EEFC57282898B37500EF13F4 /* Main.storyboard in Resources */ = {isa = PBXBuildFile; fileRef = EEFC57262898B37500EF13F4 /* Main.storyboard */; };
		EEFC572B2898B37500EF13F4 /* Track_it_Package_Tracker.xcdatamodeld in Sources */ = {isa = PBXBuildFile; fileRef = EEFC57292898B37500EF13F4 /* Track_it_Package_Tracker.xcdatamodeld */; };
		EEFC572D2898B37600EF13F4 /* Assets.xcassets in Resources */ = {isa = PBXBuildFile; fileRef = EEFC572C2898B37600EF13F4 /* Assets.xcassets */; };
		EEFC57302898B37600EF13F4 /* LaunchScreen.storyboard in Resources */ = {isa = PBXBuildFile; fileRef = EEFC572E2898B37600EF13F4 /* LaunchScreen.storyboard */; };
		EEFC573A2899774800EF13F4 /* ActivityTableViewCell.xib in Resources */ = {isa = PBXBuildFile; fileRef = EEFC57392899774800EF13F4 /* ActivityTableViewCell.xib */; };
		EEFC573E2899776000EF13F4 /* PackageTableViewCell.xib in Resources */ = {isa = PBXBuildFile; fileRef = EEFC573D2899776000EF13F4 /* PackageTableViewCell.xib */; };
		EEFC57402899779E00EF13F4 /* ActivityTableViewCell.swift in Sources */ = {isa = PBXBuildFile; fileRef = EEFC573F2899779E00EF13F4 /* ActivityTableViewCell.swift */; };
		EEFC5742289977AA00EF13F4 /* CarrierTableViewCell.swift in Sources */ = {isa = PBXBuildFile; fileRef = EEFC5741289977AA00EF13F4 /* CarrierTableViewCell.swift */; };
		EEFC5744289977C900EF13F4 /* PackageTableViewCell.swift in Sources */ = {isa = PBXBuildFile; fileRef = EEFC5743289977C900EF13F4 /* PackageTableViewCell.swift */; };
		EEFC574C28997A0000EF13F4 /* CarrierTableViewCell.xib in Resources */ = {isa = PBXBuildFile; fileRef = EEFC574B28997A0000EF13F4 /* CarrierTableViewCell.xib */; };
		EEFC574F289988F200EF13F4 /* MainViewController.swift in Sources */ = {isa = PBXBuildFile; fileRef = EEFC574E289988F200EF13F4 /* MainViewController.swift */; };
		EEFC575C2899B6E500EF13F4 /* LoginViewController.swift in Sources */ = {isa = PBXBuildFile; fileRef = EEFC575B2899B6E500EF13F4 /* LoginViewController.swift */; };
		EEFC575E289AF76D00EF13F4 /* SignupViewController.swift in Sources */ = {isa = PBXBuildFile; fileRef = EEFC575D289AF76D00EF13F4 /* SignupViewController.swift */; };
		EEFC5760289AF77B00EF13F4 /* ForgetPasswordViewController.swift in Sources */ = {isa = PBXBuildFile; fileRef = EEFC575F289AF77B00EF13F4 /* ForgetPasswordViewController.swift */; };
/* End PBXBuildFile section */

/* Begin PBXFileReference section */
		EE15DDD9289B222F00F83FB2 /* GoogleService-Info.plist */ = {isa = PBXFileReference; fileEncoding = 4; lastKnownFileType = text.plist.xml; path = "GoogleService-Info.plist"; sourceTree = "<group>"; };
		EE15DDED289B41FD00F83FB2 /* Track it Package Tracker.entitlements */ = {isa = PBXFileReference; lastKnownFileType = text.plist.entitlements; path = "Track it Package Tracker.entitlements"; sourceTree = "<group>"; };
		EE55F8B328A2C76600661A74 /* SideMenuTableViewCell.xib */ = {isa = PBXFileReference; lastKnownFileType = file.xib; path = SideMenuTableViewCell.xib; sourceTree = "<group>"; };
		EE5829FA289EDCA30073FDB7 /* SideMenuOptions.swift */ = {isa = PBXFileReference; lastKnownFileType = sourcecode.swift; path = SideMenuOptions.swift; sourceTree = "<group>"; };
		EE5829FC289EDE220073FDB7 /* SideHomeMenuViewController.swift */ = {isa = PBXFileReference; lastKnownFileType = sourcecode.swift; path = SideHomeMenuViewController.swift; sourceTree = "<group>"; };
		EE7DDB7628A21941002E239A /* SideMenuTableViewCell.swift */ = {isa = PBXFileReference; lastKnownFileType = sourcecode.swift; path = SideMenuTableViewCell.swift; sourceTree = "<group>"; };
		EEE4B2DD289B601500650185 /* AddTrakingNumberViewController.swift */ = {isa = PBXFileReference; lastKnownFileType = sourcecode.swift; path = AddTrakingNumberViewController.swift; sourceTree = "<group>"; };
		EEE4B2DF289B60E200650185 /* BarcodeScannerViewContoller.swift */ = {isa = PBXFileReference; lastKnownFileType = sourcecode.swift; path = BarcodeScannerViewContoller.swift; sourceTree = "<group>"; };
		EEE4B2E1289B611E00650185 /* StringValues.swift */ = {isa = PBXFileReference; lastKnownFileType = sourcecode.swift; path = StringValues.swift; sourceTree = "<group>"; };
		EEE4B2E4289B614D00650185 /* AppUtility.swift */ = {isa = PBXFileReference; lastKnownFileType = sourcecode.swift; path = AppUtility.swift; sourceTree = "<group>"; };
		EEE4B2E7289B85FD00650185 /* Extension UIView.swift */ = {isa = PBXFileReference; lastKnownFileType = sourcecode.swift; path = "Extension UIView.swift"; sourceTree = "<group>"; };
		EEE4B2E9289B86E300650185 /* Extension UIViewController.swift */ = {isa = PBXFileReference; lastKnownFileType = sourcecode.swift; path = "Extension UIViewController.swift"; sourceTree = "<group>"; };
		EEFC571D2898B37500EF13F4 /* Track it Package Tracker.app */ = {isa = PBXFileReference; explicitFileType = wrapper.application; includeInIndex = 0; path = "Track it Package Tracker.app"; sourceTree = BUILT_PRODUCTS_DIR; };
		EEFC57202898B37500EF13F4 /* AppDelegate.swift */ = {isa = PBXFileReference; lastKnownFileType = sourcecode.swift; path = AppDelegate.swift; sourceTree = "<group>"; };
		EEFC57222898B37500EF13F4 /* SceneDelegate.swift */ = {isa = PBXFileReference; lastKnownFileType = sourcecode.swift; path = SceneDelegate.swift; sourceTree = "<group>"; };
		EEFC57242898B37500EF13F4 /* HomeViewController.swift */ = {isa = PBXFileReference; lastKnownFileType = sourcecode.swift; path = HomeViewController.swift; sourceTree = "<group>"; };
		EEFC57272898B37500EF13F4 /* Base */ = {isa = PBXFileReference; lastKnownFileType = file.storyboard; name = Base; path = Base.lproj/Main.storyboard; sourceTree = "<group>"; };
		EEFC572A2898B37500EF13F4 /* Track_it_Package_Tracker.xcdatamodel */ = {isa = PBXFileReference; lastKnownFileType = wrapper.xcdatamodel; path = Track_it_Package_Tracker.xcdatamodel; sourceTree = "<group>"; };
		EEFC572C2898B37600EF13F4 /* Assets.xcassets */ = {isa = PBXFileReference; lastKnownFileType = folder.assetcatalog; path = Assets.xcassets; sourceTree = "<group>"; };
		EEFC572F2898B37600EF13F4 /* Base */ = {isa = PBXFileReference; lastKnownFileType = file.storyboard; name = Base; path = Base.lproj/LaunchScreen.storyboard; sourceTree = "<group>"; };
		EEFC57312898B37600EF13F4 /* Info.plist */ = {isa = PBXFileReference; lastKnownFileType = text.plist.xml; path = Info.plist; sourceTree = "<group>"; };
		EEFC57392899774800EF13F4 /* ActivityTableViewCell.xib */ = {isa = PBXFileReference; lastKnownFileType = file.xib; path = ActivityTableViewCell.xib; sourceTree = "<group>"; };
		EEFC573D2899776000EF13F4 /* PackageTableViewCell.xib */ = {isa = PBXFileReference; lastKnownFileType = file.xib; path = PackageTableViewCell.xib; sourceTree = "<group>"; };
		EEFC573F2899779E00EF13F4 /* ActivityTableViewCell.swift */ = {isa = PBXFileReference; lastKnownFileType = sourcecode.swift; path = ActivityTableViewCell.swift; sourceTree = "<group>"; };
		EEFC5741289977AA00EF13F4 /* CarrierTableViewCell.swift */ = {isa = PBXFileReference; lastKnownFileType = sourcecode.swift; path = CarrierTableViewCell.swift; sourceTree = "<group>"; };
		EEFC5743289977C900EF13F4 /* PackageTableViewCell.swift */ = {isa = PBXFileReference; lastKnownFileType = sourcecode.swift; path = PackageTableViewCell.swift; sourceTree = "<group>"; };
		EEFC574B28997A0000EF13F4 /* CarrierTableViewCell.xib */ = {isa = PBXFileReference; lastKnownFileType = file.xib; path = CarrierTableViewCell.xib; sourceTree = "<group>"; };
		EEFC574E289988F200EF13F4 /* MainViewController.swift */ = {isa = PBXFileReference; lastKnownFileType = sourcecode.swift; path = MainViewController.swift; sourceTree = "<group>"; };
		EEFC575B2899B6E500EF13F4 /* LoginViewController.swift */ = {isa = PBXFileReference; lastKnownFileType = sourcecode.swift; path = LoginViewController.swift; sourceTree = "<group>"; };
		EEFC575D289AF76D00EF13F4 /* SignupViewController.swift */ = {isa = PBXFileReference; lastKnownFileType = sourcecode.swift; path = SignupViewController.swift; sourceTree = "<group>"; };
		EEFC575F289AF77B00EF13F4 /* ForgetPasswordViewController.swift */ = {isa = PBXFileReference; lastKnownFileType = sourcecode.swift; path = ForgetPasswordViewController.swift; sourceTree = "<group>"; };
/* End PBXFileReference section */

/* Begin PBXFrameworksBuildPhase section */
		EEFC571A2898B37500EF13F4 /* Frameworks */ = {
			isa = PBXFrameworksBuildPhase;
			buildActionMask = 2147483647;
			files = (
				EE15DDE8289B37E300F83FB2 /* GoogleSignIn in Frameworks */,
				EE15DDDD289B275100F83FB2 /* FirebaseAuth in Frameworks */,
				EE15DDE0289B352400F83FB2 /* FirebaseAuth in Frameworks */,
				EE15DDEA289B37E300F83FB2 /* GoogleSignInSwift in Frameworks */,
				EE15DDE3289B366700F83FB2 /* FirebaseFirestore in Frameworks */,
				EE15DDE5289B366700F83FB2 /* FirebaseFirestoreSwift in Frameworks */,
			);
			runOnlyForDeploymentPostprocessing = 0;
		};
/* End PBXFrameworksBuildPhase section */

/* Begin PBXGroup section */
		EE84F309289F108900FCDBF8 /* Home Alternatives */ = {
			isa = PBXGroup;
			children = (
				EE5829FC289EDE220073FDB7 /* SideHomeMenuViewController.swift */,
			);
			path = "Home Alternatives";
			sourceTree = "<group>";
		};
		EEE4B2E3289B612F00650185 /* Strings */ = {
			isa = PBXGroup;
			children = (
				EEE4B2E1289B611E00650185 /* StringValues.swift */,
				EE5829FA289EDCA30073FDB7 /* SideMenuOptions.swift */,
			);
			path = Strings;
			sourceTree = "<group>";
		};
		EEE4B2E6289B615300650185 /* Extensions and AppUtility */ = {
			isa = PBXGroup;
			children = (
				EEE4B2E4289B614D00650185 /* AppUtility.swift */,
				EEE4B2E7289B85FD00650185 /* Extension UIView.swift */,
				EEE4B2E9289B86E300650185 /* Extension UIViewController.swift */,
			);
			path = "Extensions and AppUtility";
			sourceTree = "<group>";
		};
		EEFC57142898B37500EF13F4 = {
			isa = PBXGroup;
			children = (
				EEFC571F2898B37500EF13F4 /* Track it Package Tracker */,
				EEFC571E2898B37500EF13F4 /* Products */,
			);
			sourceTree = "<group>";
		};
		EEFC571E2898B37500EF13F4 /* Products */ = {
			isa = PBXGroup;
			children = (
				EEFC571D2898B37500EF13F4 /* Track it Package Tracker.app */,
			);
			name = Products;
			sourceTree = "<group>";
		};
		EEFC571F2898B37500EF13F4 /* Track it Package Tracker */ = {
			isa = PBXGroup;
			children = (
				EE15DDED289B41FD00F83FB2 /* Track it Package Tracker.entitlements */,
				EEFC57202898B37500EF13F4 /* AppDelegate.swift */,
				EEFC57222898B37500EF13F4 /* SceneDelegate.swift */,
				EEFC574D2899874C00EF13F4 /* Model */,
				EEFC57492899785300EF13F4 /* View */,
				EEFC574A2899786800EF13F4 /* Controller */,
				EEFC572C2898B37600EF13F4 /* Assets.xcassets */,
				EEFC572E2898B37600EF13F4 /* LaunchScreen.storyboard */,
				EE15DDD9289B222F00F83FB2 /* GoogleService-Info.plist */,
				EEFC57312898B37600EF13F4 /* Info.plist */,
				EEFC57292898B37500EF13F4 /* Track_it_Package_Tracker.xcdatamodeld */,
			);
			path = "Track it Package Tracker";
			sourceTree = "<group>";
		};
		EEFC5745289977F500EF13F4 /* ActivityTableViewCell */ = {
			isa = PBXGroup;
			children = (
				EEFC573F2899779E00EF13F4 /* ActivityTableViewCell.swift */,
				EEFC57392899774800EF13F4 /* ActivityTableViewCell.xib */,
			);
			path = ActivityTableViewCell;
			sourceTree = "<group>";
		};
		EEFC5746289977F900EF13F4 /* PackageTableViewCell */ = {
			isa = PBXGroup;
			children = (
				EEFC5743289977C900EF13F4 /* PackageTableViewCell.swift */,
				EEFC573D2899776000EF13F4 /* PackageTableViewCell.xib */,
			);
			path = PackageTableViewCell;
			sourceTree = "<group>";
		};
		EEFC5747289977FC00EF13F4 /* CarrierTableViewCell */ = {
			isa = PBXGroup;
			children = (
				EEFC5741289977AA00EF13F4 /* CarrierTableViewCell.swift */,
				EEFC574B28997A0000EF13F4 /* CarrierTableViewCell.xib */,
			);
			path = CarrierTableViewCell;
			sourceTree = "<group>";
		};
		EEFC57482899780300EF13F4 /* TableView Cells */ = {
			isa = PBXGroup;
			children = (
				EE7DDB7628A21941002E239A /* SideMenuTableViewCell.swift */,
				EE55F8B328A2C76600661A74 /* SideMenuTableViewCell.xib */,
				EEFC5745289977F500EF13F4 /* ActivityTableViewCell */,
				EEFC5746289977F900EF13F4 /* PackageTableViewCell */,
				EEFC5747289977FC00EF13F4 /* CarrierTableViewCell */,
			);
			path = "TableView Cells";
			sourceTree = "<group>";
		};
		EEFC57492899785300EF13F4 /* View */ = {
			isa = PBXGroup;
			children = (
				EEFC57482899780300EF13F4 /* TableView Cells */,
				EEFC57262898B37500EF13F4 /* Main.storyboard */,
			);
			path = View;
			sourceTree = "<group>";
		};
		EEFC574A2899786800EF13F4 /* Controller */ = {
			isa = PBXGroup;
			children = (
				EEE4B2DF289B60E200650185 /* BarcodeScannerViewContoller.swift */,
				EEE4B2DD289B601500650185 /* AddTrakingNumberViewController.swift */,
				EEFC5762289AF79300EF13F4 /* Main and Home */,
				EEFC5761289AF78100EF13F4 /* Authentification */,
			);
			path = Controller;
			sourceTree = "<group>";
		};
		EEFC574D2899874C00EF13F4 /* Model */ = {
			isa = PBXGroup;
			children = (
				EEE4B2E6289B615300650185 /* Extensions and AppUtility */,
				EEE4B2E3289B612F00650185 /* Strings */,
			);
			path = Model;
			sourceTree = "<group>";
		};
		EEFC5761289AF78100EF13F4 /* Authentification */ = {
			isa = PBXGroup;
			children = (
				EEFC575B2899B6E500EF13F4 /* LoginViewController.swift */,
				EEFC575D289AF76D00EF13F4 /* SignupViewController.swift */,
				EEFC575F289AF77B00EF13F4 /* ForgetPasswordViewController.swift */,
			);
			path = Authentification;
			sourceTree = "<group>";
		};
		EEFC5762289AF79300EF13F4 /* Main and Home */ = {
			isa = PBXGroup;
			children = (
				EEFC574E289988F200EF13F4 /* MainViewController.swift */,
				EEFC57242898B37500EF13F4 /* HomeViewController.swift */,
				EE84F309289F108900FCDBF8 /* Home Alternatives */,
			);
			path = "Main and Home";
			sourceTree = "<group>";
		};
/* End PBXGroup section */

/* Begin PBXNativeTarget section */
		EEFC571C2898B37500EF13F4 /* Track it Package Tracker */ = {
			isa = PBXNativeTarget;
			buildConfigurationList = EEFC57342898B37600EF13F4 /* Build configuration list for PBXNativeTarget "Track it Package Tracker" */;
			buildPhases = (
				EEFC57192898B37500EF13F4 /* Sources */,
				EEFC571A2898B37500EF13F4 /* Frameworks */,
				EEFC571B2898B37500EF13F4 /* Resources */,
			);
			buildRules = (
			);
			dependencies = (
			);
			name = "Track it Package Tracker";
			packageProductDependencies = (
				EE15DDDC289B275100F83FB2 /* FirebaseAuth */,
				EE15DDDF289B352400F83FB2 /* FirebaseAuth */,
				EE15DDE2289B366700F83FB2 /* FirebaseFirestore */,
				EE15DDE4289B366700F83FB2 /* FirebaseFirestoreSwift */,
				EE15DDE7289B37E300F83FB2 /* GoogleSignIn */,
				EE15DDE9289B37E300F83FB2 /* GoogleSignInSwift */,
			);
			productName = "Track it Package Tracker";
			productReference = EEFC571D2898B37500EF13F4 /* Track it Package Tracker.app */;
			productType = "com.apple.product-type.application";
		};
/* End PBXNativeTarget section */

/* Begin PBXProject section */
		EEFC57152898B37500EF13F4 /* Project object */ = {
			isa = PBXProject;
			attributes = {
				BuildIndependentTargetsInParallel = 1;
				LastSwiftUpdateCheck = 1340;
				LastUpgradeCheck = 1340;
				TargetAttributes = {
					EEFC571C2898B37500EF13F4 = {
						CreatedOnToolsVersion = 13.4.1;
					};
				};
			};
			buildConfigurationList = EEFC57182898B37500EF13F4 /* Build configuration list for PBXProject "Track it Package Tracker" */;
			compatibilityVersion = "Xcode 13.0";
			developmentRegion = en;
			hasScannedForEncodings = 0;
			knownRegions = (
				en,
				Base,
			);
			mainGroup = EEFC57142898B37500EF13F4;
			packageReferences = (
				EE15DDDB289B275100F83FB2 /* XCRemoteSwiftPackageReference "firebase-ios-sdk" */,
				EE15DDDE289B352400F83FB2 /* XCRemoteSwiftPackageReference "firebase-ios-sdk" */,
				EE15DDE1289B366700F83FB2 /* XCRemoteSwiftPackageReference "firebase-ios-sdk" */,
				EE15DDE6289B37E300F83FB2 /* XCRemoteSwiftPackageReference "GoogleSignIn-iOS" */,
			);
			productRefGroup = EEFC571E2898B37500EF13F4 /* Products */;
			projectDirPath = "";
			projectRoot = "";
			targets = (
				EEFC571C2898B37500EF13F4 /* Track it Package Tracker */,
			);
		};
/* End PBXProject section */

/* Begin PBXResourcesBuildPhase section */
		EEFC571B2898B37500EF13F4 /* Resources */ = {
			isa = PBXResourcesBuildPhase;
			buildActionMask = 2147483647;
			files = (
				EEFC573A2899774800EF13F4 /* ActivityTableViewCell.xib in Resources */,
				EEFC57302898B37600EF13F4 /* LaunchScreen.storyboard in Resources */,
				EEFC574C28997A0000EF13F4 /* CarrierTableViewCell.xib in Resources */,
				EEFC573E2899776000EF13F4 /* PackageTableViewCell.xib in Resources */,
				EEFC572D2898B37600EF13F4 /* Assets.xcassets in Resources */,
				EEFC57282898B37500EF13F4 /* Main.storyboard in Resources */,
				EE15DDDA289B222F00F83FB2 /* GoogleService-Info.plist in Resources */,
				EE55F8B428A2C76600661A74 /* SideMenuTableViewCell.xib in Resources */,
			);
			runOnlyForDeploymentPostprocessing = 0;
		};
/* End PBXResourcesBuildPhase section */

/* Begin PBXSourcesBuildPhase section */
		EEFC57192898B37500EF13F4 /* Sources */ = {
			isa = PBXSourcesBuildPhase;
			buildActionMask = 2147483647;
			files = (
				EEE4B2DE289B601500650185 /* AddTrakingNumberViewController.swift in Sources */,
				EEFC5760289AF77B00EF13F4 /* ForgetPasswordViewController.swift in Sources */,
				EEE4B2E5289B614D00650185 /* AppUtility.swift in Sources */,
				EEFC575C2899B6E500EF13F4 /* LoginViewController.swift in Sources */,
				EEFC5742289977AA00EF13F4 /* CarrierTableViewCell.swift in Sources */,
				EEFC575E289AF76D00EF13F4 /* SignupViewController.swift in Sources */,
				EEFC572B2898B37500EF13F4 /* Track_it_Package_Tracker.xcdatamodeld in Sources */,
				EEE4B2E8289B85FD00650185 /* Extension UIView.swift in Sources */,
				EEE4B2E2289B611E00650185 /* StringValues.swift in Sources */,
				EEFC57252898B37500EF13F4 /* HomeViewController.swift in Sources */,
				EE5829FB289EDCA30073FDB7 /* SideMenuOptions.swift in Sources */,
				EEFC57402899779E00EF13F4 /* ActivityTableViewCell.swift in Sources */,
				EEFC57212898B37500EF13F4 /* AppDelegate.swift in Sources */,
				EEE4B2EA289B86E300650185 /* Extension UIViewController.swift in Sources */,
				EEFC5744289977C900EF13F4 /* PackageTableViewCell.swift in Sources */,
				EE7DDB7728A21941002E239A /* SideMenuTableViewCell.swift in Sources */,
				EEE4B2E0289B60E200650185 /* BarcodeScannerViewContoller.swift in Sources */,
				EEFC57232898B37500EF13F4 /* SceneDelegate.swift in Sources */,
				EE5829FD289EDE220073FDB7 /* SideHomeMenuViewController.swift in Sources */,
				EEFC574F289988F200EF13F4 /* MainViewController.swift in Sources */,
			);
			runOnlyForDeploymentPostprocessing = 0;
		};
/* End PBXSourcesBuildPhase section */

/* Begin PBXVariantGroup section */
		EEFC57262898B37500EF13F4 /* Main.storyboard */ = {
			isa = PBXVariantGroup;
			children = (
				EEFC57272898B37500EF13F4 /* Base */,
			);
			name = Main.storyboard;
			sourceTree = "<group>";
		};
		EEFC572E2898B37600EF13F4 /* LaunchScreen.storyboard */ = {
			isa = PBXVariantGroup;
			children = (
				EEFC572F2898B37600EF13F4 /* Base */,
			);
			name = LaunchScreen.storyboard;
			sourceTree = "<group>";
		};
/* End PBXVariantGroup section */

/* Begin XCBuildConfiguration section */
		EEFC57322898B37600EF13F4 /* Debug */ = {
			isa = XCBuildConfiguration;
			buildSettings = {
				ALWAYS_SEARCH_USER_PATHS = NO;
				CLANG_ANALYZER_NONNULL = YES;
				CLANG_ANALYZER_NUMBER_OBJECT_CONVERSION = YES_AGGRESSIVE;
				CLANG_CXX_LANGUAGE_STANDARD = "gnu++17";
				CLANG_ENABLE_MODULES = YES;
				CLANG_ENABLE_OBJC_ARC = YES;
				CLANG_ENABLE_OBJC_WEAK = YES;
				CLANG_WARN_BLOCK_CAPTURE_AUTORELEASING = YES;
				CLANG_WARN_BOOL_CONVERSION = YES;
				CLANG_WARN_COMMA = YES;
				CLANG_WARN_CONSTANT_CONVERSION = YES;
				CLANG_WARN_DEPRECATED_OBJC_IMPLEMENTATIONS = YES;
				CLANG_WARN_DIRECT_OBJC_ISA_USAGE = YES_ERROR;
				CLANG_WARN_DOCUMENTATION_COMMENTS = YES;
				CLANG_WARN_EMPTY_BODY = YES;
				CLANG_WARN_ENUM_CONVERSION = YES;
				CLANG_WARN_INFINITE_RECURSION = YES;
				CLANG_WARN_INT_CONVERSION = YES;
				CLANG_WARN_NON_LITERAL_NULL_CONVERSION = YES;
				CLANG_WARN_OBJC_IMPLICIT_RETAIN_SELF = YES;
				CLANG_WARN_OBJC_LITERAL_CONVERSION = YES;
				CLANG_WARN_OBJC_ROOT_CLASS = YES_ERROR;
				CLANG_WARN_QUOTED_INCLUDE_IN_FRAMEWORK_HEADER = YES;
				CLANG_WARN_RANGE_LOOP_ANALYSIS = YES;
				CLANG_WARN_STRICT_PROTOTYPES = YES;
				CLANG_WARN_SUSPICIOUS_MOVE = YES;
				CLANG_WARN_UNGUARDED_AVAILABILITY = YES_AGGRESSIVE;
				CLANG_WARN_UNREACHABLE_CODE = YES;
				CLANG_WARN__DUPLICATE_METHOD_MATCH = YES;
				COPY_PHASE_STRIP = NO;
				DEBUG_INFORMATION_FORMAT = dwarf;
				ENABLE_STRICT_OBJC_MSGSEND = YES;
				ENABLE_TESTABILITY = YES;
				GCC_C_LANGUAGE_STANDARD = gnu11;
				GCC_DYNAMIC_NO_PIC = NO;
				GCC_NO_COMMON_BLOCKS = YES;
				GCC_OPTIMIZATION_LEVEL = 0;
				GCC_PREPROCESSOR_DEFINITIONS = (
					"DEBUG=1",
					"$(inherited)",
				);
				GCC_WARN_64_TO_32_BIT_CONVERSION = YES;
				GCC_WARN_ABOUT_RETURN_TYPE = YES_ERROR;
				GCC_WARN_UNDECLARED_SELECTOR = YES;
				GCC_WARN_UNINITIALIZED_AUTOS = YES_AGGRESSIVE;
				GCC_WARN_UNUSED_FUNCTION = YES;
				GCC_WARN_UNUSED_VARIABLE = YES;
				IPHONEOS_DEPLOYMENT_TARGET = 15.5;
				MTL_ENABLE_DEBUG_INFO = INCLUDE_SOURCE;
				MTL_FAST_MATH = YES;
				ONLY_ACTIVE_ARCH = YES;
				SDKROOT = iphoneos;
				SWIFT_ACTIVE_COMPILATION_CONDITIONS = DEBUG;
				SWIFT_OPTIMIZATION_LEVEL = "-Onone";
			};
			name = Debug;
		};
		EEFC57332898B37600EF13F4 /* Release */ = {
			isa = XCBuildConfiguration;
			buildSettings = {
				ALWAYS_SEARCH_USER_PATHS = NO;
				CLANG_ANALYZER_NONNULL = YES;
				CLANG_ANALYZER_NUMBER_OBJECT_CONVERSION = YES_AGGRESSIVE;
				CLANG_CXX_LANGUAGE_STANDARD = "gnu++17";
				CLANG_ENABLE_MODULES = YES;
				CLANG_ENABLE_OBJC_ARC = YES;
				CLANG_ENABLE_OBJC_WEAK = YES;
				CLANG_WARN_BLOCK_CAPTURE_AUTORELEASING = YES;
				CLANG_WARN_BOOL_CONVERSION = YES;
				CLANG_WARN_COMMA = YES;
				CLANG_WARN_CONSTANT_CONVERSION = YES;
				CLANG_WARN_DEPRECATED_OBJC_IMPLEMENTATIONS = YES;
				CLANG_WARN_DIRECT_OBJC_ISA_USAGE = YES_ERROR;
				CLANG_WARN_DOCUMENTATION_COMMENTS = YES;
				CLANG_WARN_EMPTY_BODY = YES;
				CLANG_WARN_ENUM_CONVERSION = YES;
				CLANG_WARN_INFINITE_RECURSION = YES;
				CLANG_WARN_INT_CONVERSION = YES;
				CLANG_WARN_NON_LITERAL_NULL_CONVERSION = YES;
				CLANG_WARN_OBJC_IMPLICIT_RETAIN_SELF = YES;
				CLANG_WARN_OBJC_LITERAL_CONVERSION = YES;
				CLANG_WARN_OBJC_ROOT_CLASS = YES_ERROR;
				CLANG_WARN_QUOTED_INCLUDE_IN_FRAMEWORK_HEADER = YES;
				CLANG_WARN_RANGE_LOOP_ANALYSIS = YES;
				CLANG_WARN_STRICT_PROTOTYPES = YES;
				CLANG_WARN_SUSPICIOUS_MOVE = YES;
				CLANG_WARN_UNGUARDED_AVAILABILITY = YES_AGGRESSIVE;
				CLANG_WARN_UNREACHABLE_CODE = YES;
				CLANG_WARN__DUPLICATE_METHOD_MATCH = YES;
				COPY_PHASE_STRIP = NO;
				DEBUG_INFORMATION_FORMAT = "dwarf-with-dsym";
				ENABLE_NS_ASSERTIONS = NO;
				ENABLE_STRICT_OBJC_MSGSEND = YES;
				GCC_C_LANGUAGE_STANDARD = gnu11;
				GCC_NO_COMMON_BLOCKS = YES;
				GCC_WARN_64_TO_32_BIT_CONVERSION = YES;
				GCC_WARN_ABOUT_RETURN_TYPE = YES_ERROR;
				GCC_WARN_UNDECLARED_SELECTOR = YES;
				GCC_WARN_UNINITIALIZED_AUTOS = YES_AGGRESSIVE;
				GCC_WARN_UNUSED_FUNCTION = YES;
				GCC_WARN_UNUSED_VARIABLE = YES;
				IPHONEOS_DEPLOYMENT_TARGET = 15.5;
				MTL_ENABLE_DEBUG_INFO = NO;
				MTL_FAST_MATH = YES;
				SDKROOT = iphoneos;
				SWIFT_COMPILATION_MODE = wholemodule;
				SWIFT_OPTIMIZATION_LEVEL = "-O";
				VALIDATE_PRODUCT = YES;
			};
			name = Release;
		};
		EEFC57352898B37600EF13F4 /* Debug */ = {
			isa = XCBuildConfiguration;
			buildSettings = {
				ASSETCATALOG_COMPILER_APPICON_NAME = AppIcon;
				ASSETCATALOG_COMPILER_GLOBAL_ACCENT_COLOR_NAME = AccentColor;
				CODE_SIGN_ENTITLEMENTS = "Track it Package Tracker/Track it Package Tracker.entitlements";
				CODE_SIGN_STYLE = Automatic;
				CURRENT_PROJECT_VERSION = 2.02;
				DEVELOPMENT_TEAM = 4G4YKXJ9A6;
				GENERATE_INFOPLIST_FILE = YES;
				INFOPLIST_FILE = "Track it Package Tracker/Info.plist";
				INFOPLIST_KEY_CFBundleDisplayName = "Track it";
				INFOPLIST_KEY_NSCameraUsageDescription = "Track It! Allows the App to Scan for Barcodes.";
				INFOPLIST_KEY_UIApplicationSupportsIndirectInputEvents = YES;
				INFOPLIST_KEY_UILaunchStoryboardName = LaunchScreen;
				INFOPLIST_KEY_UIMainStoryboardFile = Main;
				INFOPLIST_KEY_UISupportedInterfaceOrientations_iPad = "UIInterfaceOrientationPortrait UIInterfaceOrientationPortraitUpsideDown UIInterfaceOrientationLandscapeLeft UIInterfaceOrientationLandscapeRight";
				INFOPLIST_KEY_UISupportedInterfaceOrientations_iPhone = "UIInterfaceOrientationPortrait UIInterfaceOrientationLandscapeLeft UIInterfaceOrientationLandscapeRight";
				LD_RUNPATH_SEARCH_PATHS = (
					"$(inherited)",
					"@executable_path/Frameworks",
				);
				MARKETING_VERSION = 2.02;
				PRODUCT_BUNDLE_IDENTIFIER = "com.AdebayoSotannde.TrackIt.Track-It";
				PRODUCT_NAME = "$(TARGET_NAME)";
				SWIFT_EMIT_LOC_STRINGS = YES;
				SWIFT_VERSION = 5.0;
				TARGETED_DEVICE_FAMILY = "1,2";
			};
			name = Debug;
		};
		EEFC57362898B37600EF13F4 /* Release */ = {
			isa = XCBuildConfiguration;
			buildSettings = {
				ASSETCATALOG_COMPILER_APPICON_NAME = AppIcon;
				ASSETCATALOG_COMPILER_GLOBAL_ACCENT_COLOR_NAME = AccentColor;
				CODE_SIGN_ENTITLEMENTS = "Track it Package Tracker/Track it Package Tracker.entitlements";
				CODE_SIGN_STYLE = Automatic;
				CURRENT_PROJECT_VERSION = 2.02;
				DEVELOPMENT_TEAM = 4G4YKXJ9A6;
				GENERATE_INFOPLIST_FILE = YES;
				INFOPLIST_FILE = "Track it Package Tracker/Info.plist";
				INFOPLIST_KEY_CFBundleDisplayName = "Track it";
				INFOPLIST_KEY_NSCameraUsageDescription = "Track It! Allows the App to Scan for Barcodes.";
				INFOPLIST_KEY_UIApplicationSupportsIndirectInputEvents = YES;
				INFOPLIST_KEY_UILaunchStoryboardName = LaunchScreen;
				INFOPLIST_KEY_UIMainStoryboardFile = Main;
				INFOPLIST_KEY_UISupportedInterfaceOrientations_iPad = "UIInterfaceOrientationPortrait UIInterfaceOrientationPortraitUpsideDown UIInterfaceOrientationLandscapeLeft UIInterfaceOrientationLandscapeRight";
				INFOPLIST_KEY_UISupportedInterfaceOrientations_iPhone = "UIInterfaceOrientationPortrait UIInterfaceOrientationLandscapeLeft UIInterfaceOrientationLandscapeRight";
				LD_RUNPATH_SEARCH_PATHS = (
					"$(inherited)",
					"@executable_path/Frameworks",
				);
				MARKETING_VERSION = 2.02;
				PRODUCT_BUNDLE_IDENTIFIER = "com.AdebayoSotannde.TrackIt.Track-It";
				PRODUCT_NAME = "$(TARGET_NAME)";
				SWIFT_EMIT_LOC_STRINGS = YES;
				SWIFT_VERSION = 5.0;
				TARGETED_DEVICE_FAMILY = "1,2";
			};
			name = Release;
		};
/* End XCBuildConfiguration section */

/* Begin XCConfigurationList section */
		EEFC57182898B37500EF13F4 /* Build configuration list for PBXProject "Track it Package Tracker" */ = {
			isa = XCConfigurationList;
			buildConfigurations = (
				EEFC57322898B37600EF13F4 /* Debug */,
				EEFC57332898B37600EF13F4 /* Release */,
			);
			defaultConfigurationIsVisible = 0;
			defaultConfigurationName = Release;
		};
		EEFC57342898B37600EF13F4 /* Build configuration list for PBXNativeTarget "Track it Package Tracker" */ = {
			isa = XCConfigurationList;
			buildConfigurations = (
				EEFC57352898B37600EF13F4 /* Debug */,
				EEFC57362898B37600EF13F4 /* Release */,
			);
			defaultConfigurationIsVisible = 0;
			defaultConfigurationName = Release;
		};
/* End XCConfigurationList section */

/* Begin XCRemoteSwiftPackageReference section */
		EE15DDDB289B275100F83FB2 /* XCRemoteSwiftPackageReference "firebase-ios-sdk" */ = {
			isa = XCRemoteSwiftPackageReference;
			repositoryURL = "https://github.com/firebase/firebase-ios-sdk";
			requirement = {
				kind = upToNextMajorVersion;
				minimumVersion = 9.0.0;
			};
		};
		EE15DDDE289B352400F83FB2 /* XCRemoteSwiftPackageReference "firebase-ios-sdk" */ = {
			isa = XCRemoteSwiftPackageReference;
			repositoryURL = "https://github.com/firebase/firebase-ios-sdk";
			requirement = {
				branch = master;
				kind = branch;
			};
		};
		EE15DDE1289B366700F83FB2 /* XCRemoteSwiftPackageReference "firebase-ios-sdk" */ = {
			isa = XCRemoteSwiftPackageReference;
			repositoryURL = "https://github.com/firebase/firebase-ios-sdk";
			requirement = {
				kind = upToNextMajorVersion;
				minimumVersion = 9.0.0;
			};
		};
		EE15DDE6289B37E300F83FB2 /* XCRemoteSwiftPackageReference "GoogleSignIn-iOS" */ = {
			isa = XCRemoteSwiftPackageReference;
			repositoryURL = "https://github.com/google/GoogleSignIn-iOS";
			requirement = {
				kind = upToNextMajorVersion;
				minimumVersion = 6.0.0;
			};
		};
/* End XCRemoteSwiftPackageReference section */

/* Begin XCSwiftPackageProductDependency section */
		EE15DDDC289B275100F83FB2 /* FirebaseAuth */ = {
			isa = XCSwiftPackageProductDependency;
			package = EE15DDDB289B275100F83FB2 /* XCRemoteSwiftPackageReference "firebase-ios-sdk" */;
			productName = FirebaseAuth;
		};
		EE15DDDF289B352400F83FB2 /* FirebaseAuth */ = {
			isa = XCSwiftPackageProductDependency;
			package = EE15DDDE289B352400F83FB2 /* XCRemoteSwiftPackageReference "firebase-ios-sdk" */;
			productName = FirebaseAuth;
		};
		EE15DDE2289B366700F83FB2 /* FirebaseFirestore */ = {
			isa = XCSwiftPackageProductDependency;
			package = EE15DDDB289B275100F83FB2 /* XCRemoteSwiftPackageReference "firebase-ios-sdk" */;
			productName = FirebaseFirestore;
		};
		EE15DDE4289B366700F83FB2 /* FirebaseFirestoreSwift */ = {
			isa = XCSwiftPackageProductDependency;
			package = EE15DDDB289B275100F83FB2 /* XCRemoteSwiftPackageReference "firebase-ios-sdk" */;
			productName = FirebaseFirestoreSwift;
		};
		EE15DDE7289B37E300F83FB2 /* GoogleSignIn */ = {
			isa = XCSwiftPackageProductDependency;
			package = EE15DDE6289B37E300F83FB2 /* XCRemoteSwiftPackageReference "GoogleSignIn-iOS" */;
			productName = GoogleSignIn;
		};
		EE15DDE9289B37E300F83FB2 /* GoogleSignInSwift */ = {
			isa = XCSwiftPackageProductDependency;
			package = EE15DDE6289B37E300F83FB2 /* XCRemoteSwiftPackageReference "GoogleSignIn-iOS" */;
			productName = GoogleSignInSwift;
		};
/* End XCSwiftPackageProductDependency section */

/* Begin XCVersionGroup section */
		EEFC57292898B37500EF13F4 /* Track_it_Package_Tracker.xcdatamodeld */ = {
			isa = XCVersionGroup;
			children = (
				EEFC572A2898B37500EF13F4 /* Track_it_Package_Tracker.xcdatamodel */,
			);
			currentVersion = EEFC572A2898B37500EF13F4 /* Track_it_Package_Tracker.xcdatamodel */;
			path = Track_it_Package_Tracker.xcdatamodeld;
			sourceTree = "<group>";
			versionGroupType = wrapper.xcdatamodel;
		};
/* End XCVersionGroup section */
	};
	rootObject = EEFC57152898B37500EF13F4 /* Project object */;
}
